// !$*UTF8*$!
{
	archiveVersion = 1;
	classes = {
	};
	objectVersion = 46;
	objects = {

/* Begin PBXBuildFile section */
		A444FE591C88FD97009BCE72 /* AppDelegate.swift in Sources */ = {isa = PBXBuildFile; fileRef = A444FE581C88FD97009BCE72 /* AppDelegate.swift */; };
		A444FE5B1C88FD97009BCE72 /* ViewController.swift in Sources */ = {isa = PBXBuildFile; fileRef = A444FE5A1C88FD97009BCE72 /* ViewController.swift */; };
		A444FE5E1C88FD97009BCE72 /* Main.storyboard in Resources */ = {isa = PBXBuildFile; fileRef = A444FE5C1C88FD97009BCE72 /* Main.storyboard */; };
		A444FE601C88FD97009BCE72 /* Assets.xcassets in Resources */ = {isa = PBXBuildFile; fileRef = A444FE5F1C88FD97009BCE72 /* Assets.xcassets */; };
		A444FE631C88FD97009BCE72 /* LaunchScreen.storyboard in Resources */ = {isa = PBXBuildFile; fileRef = A444FE611C88FD97009BCE72 /* LaunchScreen.storyboard */; };
		A4A369AF1C8E4CD8006477A6 /* bite.wav in Resources */ = {isa = PBXBuildFile; fileRef = A4A369AB1C8E4CD8006477A6 /* bite.wav */; };
		A4A369B01C8E4CD8006477A6 /* cave-music.mp3 in Resources */ = {isa = PBXBuildFile; fileRef = A4A369AC1C8E4CD8006477A6 /* cave-music.mp3 */; };
		A4A369B11C8E4CD8006477A6 /* heart.wav in Resources */ = {isa = PBXBuildFile; fileRef = A4A369AD1C8E4CD8006477A6 /* heart.wav */; };
		A4A369B21C8E4CD8006477A6 /* skull.wav in Resources */ = {isa = PBXBuildFile; fileRef = A4A369AE1C8E4CD8006477A6 /* skull.wav */; };
		A4A369B41C8E4F1B006477A6 /* death.wav in Resources */ = {isa = PBXBuildFile; fileRef = A4A369B31C8E4F1B006477A6 /* death.wav */; };
		A4ED2CD91C8A1BBF009BD4DD /* DragImg.swift in Sources */ = {isa = PBXBuildFile; fileRef = A4ED2CD81C8A1BBF009BD4DD /* DragImg.swift */; };
		A4ED2CDB1C8A2FA6009BD4DD /* MonsterImg.swift in Sources */ = {isa = PBXBuildFile; fileRef = A4ED2CDA1C8A2FA6009BD4DD /* MonsterImg.swift */; };
/* End PBXBuildFile section */

/* Begin PBXFileReference section */
		A444FE551C88FD97009BCE72 /* MyMonster.app */ = {isa = PBXFileReference; explicitFileType = wrapper.application; includeInIndex = 0; path = MyMonster.app; sourceTree = BUILT_PRODUCTS_DIR; };
		A444FE581C88FD97009BCE72 /* AppDelegate.swift */ = {isa = PBXFileReference; lastKnownFileType = sourcecode.swift; path = AppDelegate.swift; sourceTree = "<group>"; };
		A444FE5A1C88FD97009BCE72 /* ViewController.swift */ = {isa = PBXFileReference; lastKnownFileType = sourcecode.swift; path = ViewController.swift; sourceTree = "<group>"; };
		A444FE5D1C88FD97009BCE72 /* Base */ = {isa = PBXFileReference; lastKnownFileType = file.storyboard; name = Base; path = Base.lproj/Main.storyboard; sourceTree = "<group>"; };
		A444FE5F1C88FD97009BCE72 /* Assets.xcassets */ = {isa = PBXFileReference; lastKnownFileType = folder.assetcatalog; path = Assets.xcassets; sourceTree = "<group>"; };
		A444FE621C88FD97009BCE72 /* Base */ = {isa = PBXFileReference; lastKnownFileType = file.storyboard; name = Base; path = Base.lproj/LaunchScreen.storyboard; sourceTree = "<group>"; };
		A444FE641C88FD97009BCE72 /* Info.plist */ = {isa = PBXFileReference; lastKnownFileType = text.plist.xml; path = Info.plist; sourceTree = "<group>"; };
		A4A369AB1C8E4CD8006477A6 /* bite.wav */ = {isa = PBXFileReference; lastKnownFileType = audio.wav; path = bite.wav; sourceTree = "<group>"; };
		A4A369AC1C8E4CD8006477A6 /* cave-music.mp3 */ = {isa = PBXFileReference; lastKnownFileType = audio.mp3; path = "cave-music.mp3"; sourceTree = "<group>"; };
		A4A369AD1C8E4CD8006477A6 /* heart.wav */ = {isa = PBXFileReference; lastKnownFileType = audio.wav; path = heart.wav; sourceTree = "<group>"; };
		A4A369AE1C8E4CD8006477A6 /* skull.wav */ = {isa = PBXFileReference; lastKnownFileType = audio.wav; path = skull.wav; sourceTree = "<group>"; };
		A4A369B31C8E4F1B006477A6 /* death.wav */ = {isa = PBXFileReference; lastKnownFileType = audio.wav; path = death.wav; sourceTree = "<group>"; };
		A4ED2CD81C8A1BBF009BD4DD /* DragImg.swift */ = {isa = PBXFileReference; fileEncoding = 4; lastKnownFileType = sourcecode.swift; path = DragImg.swift; sourceTree = "<group>"; };
		A4ED2CDA1C8A2FA6009BD4DD /* MonsterImg.swift */ = {isa = PBXFileReference; fileEncoding = 4; lastKnownFileType = sourcecode.swift; path = MonsterImg.swift; sourceTree = "<group>"; };
/* End PBXFileReference section */

/* Begin PBXFrameworksBuildPhase section */
		A444FE521C88FD97009BCE72 /* Frameworks */ = {
			isa = PBXFrameworksBuildPhase;
			buildActionMask = 2147483647;
			files = (
			);
			runOnlyForDeploymentPostprocessing = 0;
		};
/* End PBXFrameworksBuildPhase section */

/* Begin PBXGroup section */
		A444FE4C1C88FD97009BCE72 = {
			isa = PBXGroup;
			children = (
				A444FE571C88FD97009BCE72 /* MyMonster */,
				A444FE561C88FD97009BCE72 /* Products */,
			);
			sourceTree = "<group>";
		};
		A444FE561C88FD97009BCE72 /* Products */ = {
			isa = PBXGroup;
			children = (
				A444FE551C88FD97009BCE72 /* MyMonster.app */,
			);
			name = Products;
			sourceTree = "<group>";
		};
		A444FE571C88FD97009BCE72 /* MyMonster */ = {
			isa = PBXGroup;
			children = (
				A4A369AB1C8E4CD8006477A6 /* bite.wav */,
				A4A369AC1C8E4CD8006477A6 /* cave-music.mp3 */,
				A4A369B31C8E4F1B006477A6 /* death.wav */,
				A4A369AD1C8E4CD8006477A6 /* heart.wav */,
				A4A369AE1C8E4CD8006477A6 /* skull.wav */,
				A444FE581C88FD97009BCE72 /* AppDelegate.swift */,
				A444FE5A1C88FD97009BCE72 /* ViewController.swift */,
				A444FE5C1C88FD97009BCE72 /* Main.storyboard */,
				A444FE5F1C88FD97009BCE72 /* Assets.xcassets */,
				A444FE611C88FD97009BCE72 /* LaunchScreen.storyboard */,
				A444FE641C88FD97009BCE72 /* Info.plist */,
				A4ED2CD81C8A1BBF009BD4DD /* DragImg.swift */,
				A4ED2CDA1C8A2FA6009BD4DD /* MonsterImg.swift */,
			);
			path = MyMonster;
			sourceTree = "<group>";
		};
/* End PBXGroup section */

/* Begin PBXNativeTarget section */
		A444FE541C88FD97009BCE72 /* MyMonster */ = {
			isa = PBXNativeTarget;
			buildConfigurationList = A444FE671C88FD97009BCE72 /* Build configuration list for PBXNativeTarget "MyMonster" */;
			buildPhases = (
				A444FE511C88FD97009BCE72 /* Sources */,
				A444FE521C88FD97009BCE72 /* Frameworks */,
				A444FE531C88FD97009BCE72 /* Resources */,
			);
			buildRules = (
			);
			dependencies = (
			);
			name = MyMonster;
			productName = MyMonster;
			productReference = A444FE551C88FD97009BCE72 /* MyMonster.app */;
			productType = "com.apple.product-type.application";
		};
/* End PBXNativeTarget section */

/* Begin PBXProject section */
		A444FE4D1C88FD97009BCE72 /* Project object */ = {
			isa = PBXProject;
			attributes = {
				LastSwiftUpdateCheck = 0720;
				LastUpgradeCheck = 0720;
				ORGANIZATIONNAME = "Stephen Labedz";
				TargetAttributes = {
					A444FE541C88FD97009BCE72 = {
						CreatedOnToolsVersion = 7.2.1;
						DevelopmentTeam = M57SRBP43U;
					};
				};
			};
			buildConfigurationList = A444FE501C88FD97009BCE72 /* Build configuration list for PBXProject "MyMonster" */;
			compatibilityVersion = "Xcode 3.2";
			developmentRegion = English;
			hasScannedForEncodings = 0;
			knownRegions = (
				en,
				Base,
			);
			mainGroup = A444FE4C1C88FD97009BCE72;
			productRefGroup = A444FE561C88FD97009BCE72 /* Products */;
			projectDirPath = "";
			projectRoot = "";
			targets = (
				A444FE541C88FD97009BCE72 /* MyMonster */,
			);
		};
/* End PBXProject section */

/* Begin PBXResourcesBuildPhase section */
		A444FE531C88FD97009BCE72 /* Resources */ = {
			isa = PBXResourcesBuildPhase;
			buildActionMask = 2147483647;
			files = (
				A4A369AF1C8E4CD8006477A6 /* bite.wav in Resources */,
				A4A369B11C8E4CD8006477A6 /* heart.wav in Resources */,
				A4A369B21C8E4CD8006477A6 /* skull.wav in Resources */,
				A4A369B41C8E4F1B006477A6 /* death.wav in Resources */,
				A4A369B01C8E4CD8006477A6 /* cave-music.mp3 in Resources */,
				A444FE631C88FD97009BCE72 /* LaunchScreen.storyboard in Resources */,
				A444FE601C88FD97009BCE72 /* Assets.xcassets in Resources */,
				A444FE5E1C88FD97009BCE72 /* Main.storyboard in Resources */,
			);
			runOnlyForDeploymentPostprocessing = 0;
		};
/* End PBXResourcesBuildPhase section */

/* Begin PBXSourcesBuildPhase section */
		A444FE511C88FD97009BCE72 /* Sources */ = {
			isa = PBXSourcesBuildPhase;
			buildActionMask = 2147483647;
			files = (
				A4ED2CDB1C8A2FA6009BD4DD /* MonsterImg.swift in Sources */,
				A4ED2CD91C8A1BBF009BD4DD /* DragImg.swift in Sources */,
				A444FE5B1C88FD97009BCE72 /* ViewController.swift in Sources */,
				A444FE591C88FD97009BCE72 /* AppDelegate.swift in Sources */,
			);
			runOnlyForDeploymentPostprocessing = 0;
		};
/* End PBXSourcesBuildPhase section */

/* Begin PBXVariantGroup section */
		A444FE5C1C88FD97009BCE72 /* Main.storyboard */ = {
			isa = PBXVariantGroup;
			children = (
				A444FE5D1C88FD97009BCE72 /* Base */,
			);
			name = Main.storyboard;
			sourceTree = "<group>";
		};
		A444FE611C88FD97009BCE72 /* LaunchScreen.storyboard */ = {
			isa = PBXVariantGroup;
			children = (
				A444FE621C88FD97009BCE72 /* Base */,
			);
			name = LaunchScreen.storyboard;
			sourceTree = "<group>";
		};
/* End PBXVariantGroup section */

/* Begin XCBuildConfiguration section */
		A444FE651C88FD97009BCE72 /* Debug */ = {
			isa = XCBuildConfiguration;
			buildSettings = {
				ALWAYS_SEARCH_USER_PATHS = NO;
				CLANG_CXX_LANGUAGE_STANDARD = "gnu++0x";
				CLANG_CXX_LIBRARY = "libc++";
				CLANG_ENABLE_MODULES = YES;
				CLANG_ENABLE_OBJC_ARC = YES;
				CLANG_WARN_BOOL_CONVERSION = YES;
				CLANG_WARN_CONSTANT_CONVERSION = YES;
				CLANG_WARN_DIRECT_OBJC_ISA_USAGE = YES_ERROR;
				CLANG_WARN_EMPTY_BODY = YES;
				CLANG_WARN_ENUM_CONVERSION = YES;
				CLANG_WARN_INT_CONVERSION = YES;
				CLANG_WARN_OBJC_ROOT_CLASS = YES_ERROR;
				CLANG_WARN_UNREACHABLE_CODE = YES;
				CLANG_WARN__DUPLICATE_METHOD_MATCH = YES;
				"CODE_SIGN_IDENTITY[sdk=iphoneos*]" = "iPhone Developer";
				COPY_PHASE_STRIP = NO;
				DEBUG_INFORMATION_FORMAT = dwarf;
				ENABLE_STRICT_OBJC_MSGSEND = YES;
				ENABLE_TESTABILITY = YES;
				GCC_C_LANGUAGE_STANDARD = gnu99;
				GCC_DYNAMIC_NO_PIC = NO;
				GCC_NO_COMMON_BLOCKS = YES;
				GCC_OPTIMIZATION_LEVEL = 0;
				GCC_PREPROCESSOR_DEFINITIONS = (
					"DEBUG=1",
					"$(inherited)",
				);
				GCC_WARN_64_TO_32_BIT_CONVERSION = YES;
				GCC_WARN_ABOUT_RETURN_TYPE = YES_ERROR;
				GCC_WARN_UNDECLARED_SELECTOR = YES;
				GCC_WARN_UNINITIALIZED_AUTOS = YES_AGGRESSIVE;
				GCC_WARN_UNUSED_FUNCTION = YES;
				GCC_WARN_UNUSED_VARIABLE = YES;
				IPHONEOS_DEPLOYMENT_TARGET = 9.2;
				MTL_ENABLE_DEBUG_INFO = YES;
				ONLY_ACTIVE_ARCH = YES;
				SDKROOT = iphoneos;
				SWIFT_OPTIMIZATION_LEVEL = "-Onone";
				TARGETED_DEVICE_FAMILY = "1,2";
			};
			name = Debug;
		};
		A444FE661C88FD97009BCE72 /* Release */ = {
			isa = XCBuildConfiguration;
			buildSettings = {
				ALWAYS_SEARCH_USER_PATHS = NO;
				CLANG_CXX_LANGUAGE_STANDARD = "gnu++0x";
				CLANG_CXX_LIBRARY = "libc++";
				CLANG_ENABLE_MODULES = YES;
				CLANG_ENABLE_OBJC_ARC = YES;
				CLANG_WARN_BOOL_CONVERSION = YES;
				CLANG_WARN_CONSTANT_CONVERSION = YES;
				CLANG_WARN_DIRECT_OBJC_ISA_USAGE = YES_ERROR;
				CLANG_WARN_EMPTY_BODY = YES;
				CLANG_WARN_ENUM_CONVERSION = YES;
				CLANG_WARN_INT_CONVERSION = YES;
				CLANG_WARN_OBJC_ROOT_CLASS = YES_ERROR;
				CLANG_WARN_UNREACHABLE_CODE = YES;
				CLANG_WARN__DUPLICATE_METHOD_MATCH = YES;
				"CODE_SIGN_IDENTITY[sdk=iphoneos*]" = "iPhone Developer";
				COPY_PHASE_STRIP = NO;
				DEBUG_INFORMATION_FORMAT = "dwarf-with-dsym";
				ENABLE_NS_ASSERTIONS = NO;
				ENABLE_STRICT_OBJC_MSGSEND = YES;
				GCC_C_LANGUAGE_STANDARD = gnu99;
				GCC_NO_COMMON_BLOCKS = YES;
				GCC_WARN_64_TO_32_BIT_CONVERSION = YES;
				GCC_WARN_ABOUT_RETURN_TYPE = YES_ERROR;
				GCC_WARN_UNDECLARED_SELECTOR = YES;
				GCC_WARN_UNINITIALIZED_AUTOS = YES_AGGRESSIVE;
				GCC_WARN_UNUSED_FUNCTION = YES;
				GCC_WARN_UNUSED_VARIABLE = YES;
				IPHONEOS_DEPLOYMENT_TARGET = 9.2;
				MTL_ENABLE_DEBUG_INFO = NO;
				SDKROOT = iphoneos;
				TARGETED_DEVICE_FAMILY = "1,2";
				VALIDATE_PRODUCT = YES;
			};
			name = Release;
		};
		A444FE681C88FD97009BCE72 /* Debug */ = {
			isa = XCBuildConfiguration;
			buildSettings = {
				ASSETCATALOG_COMPILER_APPICON_NAME = AppIcon;
				INFOPLIST_FILE = MyMonster/Info.plist;
				LD_RUNPATH_SEARCH_PATHS = "$(inherited) @executable_path/Frameworks";
				PRODUCT_BUNDLE_IDENTIFIER = com.designmind.MyMonster;
				PRODUCT_NAME = "$(TARGET_NAME)";
			};
			name = Debug;
		};
		A444FE691C88FD97009BCE72 /* Release */ = {
			isa = XCBuildConfiguration;
			buildSettings = {
				ASSETCATALOG_COMPILER_APPICON_NAME = AppIcon;
				INFOPLIST_FILE = MyMonster/Info.plist;
				LD_RUNPATH_SEARCH_PATHS = "$(inherited) @executable_path/Frameworks";
				PRODUCT_BUNDLE_IDENTIFIER = com.designmind.MyMonster;
				PRODUCT_NAME = "$(TARGET_NAME)";
			};
			name = Release;
		};
/* End XCBuildConfiguration section */

/* Begin XCConfigurationList section */
		A444FE501C88FD97009BCE72 /* Build configuration list for PBXProject "MyMonster" */ = {
			isa = XCConfigurationList;
			buildConfigurations = (
				A444FE651C88FD97009BCE72 /* Debug */,
				A444FE661C88FD97009BCE72 /* Release */,
			);
			defaultConfigurationIsVisible = 0;
			defaultConfigurationName = Release;
		};
		A444FE671C88FD97009BCE72 /* Build configuration list for PBXNativeTarget "MyMonster" */ = {
			isa = XCConfigurationList;
			buildConfigurations = (
				A444FE681C88FD97009BCE72 /* Debug */,
				A444FE691C88FD97009BCE72 /* Release */,
			);
			defaultConfigurationIsVisible = 0;
			defaultConfigurationName = Release;
		};
/* End XCConfigurationList section */
	};
	rootObject = A444FE4D1C88FD97009BCE72 /* Project object */;
}
